// !$*UTF8*$!
{
	archiveVersion = 1;
	classes = {
	};
	objectVersion = 46;
	objects = {

/* Begin PBXBuildFile section */
		01BEC3EF18331F6F00B77C8D /* ServiceHelper.m in Sources */ = {isa = PBXBuildFile; fileRef = 01BEC3EA18331F6F00B77C8D /* ServiceHelper.m */; };
		01BEC3FA183323FD00B77C8D /* GDataXMLNode.m in Sources */ = {isa = PBXBuildFile; fileRef = 01BEC3F5183323FC00B77C8D /* GDataXMLNode.m */; };
		01BEC3FB183323FD00B77C8D /* XmlNode.m in Sources */ = {isa = PBXBuildFile; fileRef = 01BEC3F7183323FD00B77C8D /* XmlNode.m */; };
		01BEC3FC183323FD00B77C8D /* XmlParseHelper.m in Sources */ = {isa = PBXBuildFile; fileRef = 01BEC3F9183323FD00B77C8D /* XmlParseHelper.m */; };
		01BEC401183325DC00B77C8D /* BasicViewController.m in Sources */ = {isa = PBXBuildFile; fileRef = 01BEC400183325DC00B77C8D /* BasicViewController.m */; };
		01BEC407183325EB00B77C8D /* AnimateLoadView.m in Sources */ = {isa = PBXBuildFile; fileRef = 01BEC404183325EB00B77C8D /* AnimateLoadView.m */; };
		01BEC408183325EB00B77C8D /* AnimateErrorView.m in Sources */ = {isa = PBXBuildFile; fileRef = 01BEC406183325EB00B77C8D /* AnimateErrorView.m */; };
		01BEC40B1833269B00B77C8D /* UIColor+TPCategory.m in Sources */ = {isa = PBXBuildFile; fileRef = 01BEC40A1833269B00B77C8D /* UIColor+TPCategory.m */; };
		01BEC4121833289000B77C8D /* notice_error_icon.png in Resources */ = {isa = PBXBuildFile; fileRef = 01BEC40D1833289000B77C8D /* notice_error_icon.png */; };
		01BEC4131833289000B77C8D /* notice_error_icon@2x.png in Resources */ = {isa = PBXBuildFile; fileRef = 01BEC40E1833289000B77C8D /* notice_error_icon@2x.png */; };
		01BEC4141833289000B77C8D /* notice_success_icon.png in Resources */ = {isa = PBXBuildFile; fileRef = 01BEC40F1833289000B77C8D /* notice_success_icon.png */; };
		01BEC4151833289000B77C8D /* notice_success_icon@2x.png in Resources */ = {isa = PBXBuildFile; fileRef = 01BEC4101833289000B77C8D /* notice_success_icon@2x.png */; };
		01BEC4161833289000B77C8D /* error.png in Resources */ = {isa = PBXBuildFile; fileRef = 01BEC4111833289000B77C8D /* error.png */; };
		01BEC4181833296300B77C8D /* QuartzCore.framework in Frameworks */ = {isa = PBXBuildFile; fileRef = 01BEC4171833296300B77C8D /* QuartzCore.framework */; };
		01BEC41B1833297800B77C8D /* NSString+TPCategory.m in Sources */ = {isa = PBXBuildFile; fileRef = 01BEC41A1833297800B77C8D /* NSString+TPCategory.m */; };
		01BEC41E1833298C00B77C8D /* NSData+TPCategory.m in Sources */ = {isa = PBXBuildFile; fileRef = 01BEC41D1833298C00B77C8D /* NSData+TPCategory.m */; };
		01E14BDB17D5BD2700AC2173 /* ViewController.m in Sources */ = {isa = PBXBuildFile; fileRef = 01E14BDA17D5BD2700AC2173 /* ViewController.m */; };
		01E5916D18822446001D04B8 /* ServiceResult.m in Sources */ = {isa = PBXBuildFile; fileRef = 01E5916C18822446001D04B8 /* ServiceResult.m */; };
		01FAAD1118D976390015FACC /* ServiceArgs.m in Sources */ = {isa = PBXBuildFile; fileRef = 01FAAD1018D976390015FACC /* ServiceArgs.m */; };
		260C97D517B3AA8800B0848C /* UIKit.framework in Frameworks */ = {isa = PBXBuildFile; fileRef = 260C97D417B3AA8800B0848C /* UIKit.framework */; };
		260C97D717B3AA8800B0848C /* Foundation.framework in Frameworks */ = {isa = PBXBuildFile; fileRef = 260C97D617B3AA8800B0848C /* Foundation.framework */; };
		260C97D917B3AA8800B0848C /* CoreGraphics.framework in Frameworks */ = {isa = PBXBuildFile; fileRef = 260C97D817B3AA8800B0848C /* CoreGraphics.framework */; };
		260C97DF17B3AA8800B0848C /* InfoPlist.strings in Resources */ = {isa = PBXBuildFile; fileRef = 260C97DD17B3AA8800B0848C /* InfoPlist.strings */; };
		260C97E117B3AA8800B0848C /* main.m in Sources */ = {isa = PBXBuildFile; fileRef = 260C97E017B3AA8800B0848C /* main.m */; };
		260C97E517B3AA8800B0848C /* AppDelegate.m in Sources */ = {isa = PBXBuildFile; fileRef = 260C97E417B3AA8800B0848C /* AppDelegate.m */; };
		260C97E717B3AA8800B0848C /* Default.png in Resources */ = {isa = PBXBuildFile; fileRef = 260C97E617B3AA8800B0848C /* Default.png */; };
		260C97E917B3AA8900B0848C /* Default@2x.png in Resources */ = {isa = PBXBuildFile; fileRef = 260C97E817B3AA8900B0848C /* Default@2x.png */; };
		260C97EB17B3AA8900B0848C /* Default-568h@2x.png in Resources */ = {isa = PBXBuildFile; fileRef = 260C97EA17B3AA8900B0848C /* Default-568h@2x.png */; };
		260C980E17B3AB4300B0848C /* Reachability.m in Sources */ = {isa = PBXBuildFile; fileRef = 260C97FB17B3AB4300B0848C /* Reachability.m */; };
		260C980F17B3AB4300B0848C /* ASIDownloadCache.m in Sources */ = {isa = PBXBuildFile; fileRef = 260C97FD17B3AB4300B0848C /* ASIDownloadCache.m */; };
		260C981017B3AB4300B0848C /* ASINetworkQueue.m in Sources */ = {isa = PBXBuildFile; fileRef = 260C97FF17B3AB4300B0848C /* ASINetworkQueue.m */; };
		260C981117B3AB4300B0848C /* ASIDataDecompressor.m in Sources */ = {isa = PBXBuildFile; fileRef = 260C980117B3AB4300B0848C /* ASIDataDecompressor.m */; };
		260C981217B3AB4300B0848C /* ASIDataCompressor.m in Sources */ = {isa = PBXBuildFile; fileRef = 260C980317B3AB4300B0848C /* ASIDataCompressor.m */; };
		260C981317B3AB4300B0848C /* ASIInputStream.m in Sources */ = {isa = PBXBuildFile; fileRef = 260C980517B3AB4300B0848C /* ASIInputStream.m */; };
		260C981417B3AB4300B0848C /* ASIAuthenticationDialog.m in Sources */ = {isa = PBXBuildFile; fileRef = 260C980717B3AB4300B0848C /* ASIAuthenticationDialog.m */; };
		260C981517B3AB4300B0848C /* ASIHTTPRequest.m in Sources */ = {isa = PBXBuildFile; fileRef = 260C980D17B3AB4300B0848C /* ASIHTTPRequest.m */; };
		260C981C17B3AB7900B0848C /* MobileCoreServices.framework in Frameworks */ = {isa = PBXBuildFile; fileRef = 260C981B17B3AB7900B0848C /* MobileCoreServices.framework */; };
		260C981E17B3AB8600B0848C /* SystemConfiguration.framework in Frameworks */ = {isa = PBXBuildFile; fileRef = 260C981D17B3AB8600B0848C /* SystemConfiguration.framework */; };
		260C982017B3AB8E00B0848C /* CFNetwork.framework in Frameworks */ = {isa = PBXBuildFile; fileRef = 260C981F17B3AB8E00B0848C /* CFNetwork.framework */; };
		260C982217B3AB9E00B0848C /* libz.dylib in Frameworks */ = {isa = PBXBuildFile; fileRef = 260C982117B3AB9E00B0848C /* libz.dylib */; };
		260C982417B3ABA900B0848C /* libxml2.dylib in Frameworks */ = {isa = PBXBuildFile; fileRef = 260C982317B3ABA900B0848C /* libxml2.dylib */; };
		260C983317B3BBA600B0848C /* testXml.xml in Resources */ = {isa = PBXBuildFile; fileRef = 260C983217B3BBA600B0848C /* testXml.xml */; };
		260C983517B3F5CF00B0848C /* namespaceXml.xml in Resources */ = {isa = PBXBuildFile; fileRef = 260C983417B3F5CF00B0848C /* namespaceXml.xml */; };
		26B7BBE517B556330078636E /* ViewController.xib in Resources */ = {isa = PBXBuildFile; fileRef = 26B7BBE317B556330078636E /* ViewController.xib */; };
/* End PBXBuildFile section */

/* Begin PBXFileReference section */
		01BEC3E918331F6F00B77C8D /* ServiceHelper.h */ = {isa = PBXFileReference; fileEncoding = 4; lastKnownFileType = sourcecode.c.h; path = ServiceHelper.h; sourceTree = "<group>"; };
		01BEC3EA18331F6F00B77C8D /* ServiceHelper.m */ = {isa = PBXFileReference; fileEncoding = 4; lastKnownFileType = sourcecode.c.objc; path = ServiceHelper.m; sourceTree = "<group>"; };
		01BEC3F2183323FC00B77C8D /* GDataDefines.h */ = {isa = PBXFileReference; fileEncoding = 4; lastKnownFileType = sourcecode.c.h; path = GDataDefines.h; sourceTree = "<group>"; };
		01BEC3F3183323FC00B77C8D /* GDataTargetNamespace.h */ = {isa = PBXFileReference; fileEncoding = 4; lastKnownFileType = sourcecode.c.h; path = GDataTargetNamespace.h; sourceTree = "<group>"; };
		01BEC3F4183323FC00B77C8D /* GDataXMLNode.h */ = {isa = PBXFileReference; fileEncoding = 4; lastKnownFileType = sourcecode.c.h; path = GDataXMLNode.h; sourceTree = "<group>"; };
		01BEC3F5183323FC00B77C8D /* GDataXMLNode.m */ = {isa = PBXFileReference; fileEncoding = 4; lastKnownFileType = sourcecode.c.objc; path = GDataXMLNode.m; sourceTree = "<group>"; };
		01BEC3F6183323FC00B77C8D /* XmlNode.h */ = {isa = PBXFileReference; fileEncoding = 4; lastKnownFileType = sourcecode.c.h; path = XmlNode.h; sourceTree = "<group>"; };
		01BEC3F7183323FD00B77C8D /* XmlNode.m */ = {isa = PBXFileReference; fileEncoding = 4; lastKnownFileType = sourcecode.c.objc; path = XmlNode.m; sourceTree = "<group>"; };
		01BEC3F8183323FD00B77C8D /* XmlParseHelper.h */ = {isa = PBXFileReference; fileEncoding = 4; lastKnownFileType = sourcecode.c.h; path = XmlParseHelper.h; sourceTree = "<group>"; };
		01BEC3F9183323FD00B77C8D /* XmlParseHelper.m */ = {isa = PBXFileReference; fileEncoding = 4; lastKnownFileType = sourcecode.c.objc; path = XmlParseHelper.m; sourceTree = "<group>"; };
		01BEC3FF183325DC00B77C8D /* BasicViewController.h */ = {isa = PBXFileReference; fileEncoding = 4; lastKnownFileType = sourcecode.c.h; path = BasicViewController.h; sourceTree = "<group>"; };
		01BEC400183325DC00B77C8D /* BasicViewController.m */ = {isa = PBXFileReference; fileEncoding = 4; lastKnownFileType = sourcecode.c.objc; path = BasicViewController.m; sourceTree = "<group>"; };
		01BEC403183325EB00B77C8D /* AnimateLoadView.h */ = {isa = PBXFileReference; fileEncoding = 4; lastKnownFileType = sourcecode.c.h; path = AnimateLoadView.h; sourceTree = "<group>"; };
		01BEC404183325EB00B77C8D /* AnimateLoadView.m */ = {isa = PBXFileReference; fileEncoding = 4; lastKnownFileType = sourcecode.c.objc; path = AnimateLoadView.m; sourceTree = "<group>"; };
		01BEC405183325EB00B77C8D /* AnimateErrorView.h */ = {isa = PBXFileReference; fileEncoding = 4; lastKnownFileType = sourcecode.c.h; path = AnimateErrorView.h; sourceTree = "<group>"; };
		01BEC406183325EB00B77C8D /* AnimateErrorView.m */ = {isa = PBXFileReference; fileEncoding = 4; lastKnownFileType = sourcecode.c.objc; path = AnimateErrorView.m; sourceTree = "<group>"; };
		01BEC4091833269B00B77C8D /* UIColor+TPCategory.h */ = {isa = PBXFileReference; fileEncoding = 4; lastKnownFileType = sourcecode.c.h; path = "UIColor+TPCategory.h"; sourceTree = "<group>"; };
		01BEC40A1833269B00B77C8D /* UIColor+TPCategory.m */ = {isa = PBXFileReference; fileEncoding = 4; lastKnownFileType = sourcecode.c.objc; path = "UIColor+TPCategory.m"; sourceTree = "<group>"; };
		01BEC40D1833289000B77C8D /* notice_error_icon.png */ = {isa = PBXFileReference; lastKnownFileType = image.png; path = notice_error_icon.png; sourceTree = "<group>"; };
		01BEC40E1833289000B77C8D /* notice_error_icon@2x.png */ = {isa = PBXFileReference; lastKnownFileType = image.png; path = "notice_error_icon@2x.png"; sourceTree = "<group>"; };
		01BEC40F1833289000B77C8D /* notice_success_icon.png */ = {isa = PBXFileReference; lastKnownFileType = image.png; path = notice_success_icon.png; sourceTree = "<group>"; };
		01BEC4101833289000B77C8D /* notice_success_icon@2x.png */ = {isa = PBXFileReference; lastKnownFileType = image.png; path = "notice_success_icon@2x.png"; sourceTree = "<group>"; };
		01BEC4111833289000B77C8D /* error.png */ = {isa = PBXFileReference; lastKnownFileType = image.png; path = error.png; sourceTree = "<group>"; };
		01BEC4171833296300B77C8D /* QuartzCore.framework */ = {isa = PBXFileReference; lastKnownFileType = wrapper.framework; name = QuartzCore.framework; path = System/Library/Frameworks/QuartzCore.framework; sourceTree = SDKROOT; };
		01BEC4191833297800B77C8D /* NSString+TPCategory.h */ = {isa = PBXFileReference; fileEncoding = 4; lastKnownFileType = sourcecode.c.h; path = "NSString+TPCategory.h"; sourceTree = "<group>"; };
		01BEC41A1833297800B77C8D /* NSString+TPCategory.m */ = {isa = PBXFileReference; fileEncoding = 4; lastKnownFileType = sourcecode.c.objc; path = "NSString+TPCategory.m"; sourceTree = "<group>"; };
		01BEC41C1833298C00B77C8D /* NSData+TPCategory.h */ = {isa = PBXFileReference; fileEncoding = 4; lastKnownFileType = sourcecode.c.h; path = "NSData+TPCategory.h"; sourceTree = "<group>"; };
		01BEC41D1833298C00B77C8D /* NSData+TPCategory.m */ = {isa = PBXFileReference; fileEncoding = 4; lastKnownFileType = sourcecode.c.objc; path = "NSData+TPCategory.m"; sourceTree = "<group>"; };
		01E14BDA17D5BD2700AC2173 /* ViewController.m */ = {isa = PBXFileReference; fileEncoding = 4; lastKnownFileType = sourcecode.c.objc; path = ViewController.m; sourceTree = "<group>"; };
		01E5916B18822446001D04B8 /* ServiceResult.h */ = {isa = PBXFileReference; fileEncoding = 4; lastKnownFileType = sourcecode.c.h; path = ServiceResult.h; sourceTree = "<group>"; };
		01E5916C18822446001D04B8 /* ServiceResult.m */ = {isa = PBXFileReference; fileEncoding = 4; lastKnownFileType = sourcecode.c.objc; path = ServiceResult.m; sourceTree = "<group>"; };
		01FAAD0F18D976390015FACC /* ServiceArgs.h */ = {isa = PBXFileReference; fileEncoding = 4; lastKnownFileType = sourcecode.c.h; path = ServiceArgs.h; sourceTree = "<group>"; };
		01FAAD1018D976390015FACC /* ServiceArgs.m */ = {isa = PBXFileReference; fileEncoding = 4; lastKnownFileType = sourcecode.c.objc; path = ServiceArgs.m; sourceTree = "<group>"; };
		260C97D117B3AA8800B0848C /* IOSWebservices.app */ = {isa = PBXFileReference; explicitFileType = wrapper.application; includeInIndex = 0; path = IOSWebservices.app; sourceTree = BUILT_PRODUCTS_DIR; };
		260C97D417B3AA8800B0848C /* UIKit.framework */ = {isa = PBXFileReference; lastKnownFileType = wrapper.framework; name = UIKit.framework; path = System/Library/Frameworks/UIKit.framework; sourceTree = SDKROOT; };
		260C97D617B3AA8800B0848C /* Foundation.framework */ = {isa = PBXFileReference; lastKnownFileType = wrapper.framework; name = Foundation.framework; path = System/Library/Frameworks/Foundation.framework; sourceTree = SDKROOT; };
		260C97D817B3AA8800B0848C /* CoreGraphics.framework */ = {isa = PBXFileReference; lastKnownFileType = wrapper.framework; name = CoreGraphics.framework; path = System/Library/Frameworks/CoreGraphics.framework; sourceTree = SDKROOT; };
		260C97DC17B3AA8800B0848C /* IOSWebservices-Info.plist */ = {isa = PBXFileReference; lastKnownFileType = text.plist.xml; path = "IOSWebservices-Info.plist"; sourceTree = "<group>"; };
		260C97DE17B3AA8800B0848C /* en */ = {isa = PBXFileReference; lastKnownFileType = text.plist.strings; name = en; path = en.lproj/InfoPlist.strings; sourceTree = "<group>"; };
		260C97E017B3AA8800B0848C /* main.m */ = {isa = PBXFileReference; lastKnownFileType = sourcecode.c.objc; path = main.m; sourceTree = "<group>"; };
		260C97E217B3AA8800B0848C /* IOSWebservices-Prefix.pch */ = {isa = PBXFileReference; lastKnownFileType = sourcecode.c.h; path = "IOSWebservices-Prefix.pch"; sourceTree = "<group>"; };
		260C97E317B3AA8800B0848C /* AppDelegate.h */ = {isa = PBXFileReference; lastKnownFileType = sourcecode.c.h; path = AppDelegate.h; sourceTree = "<group>"; };
		260C97E417B3AA8800B0848C /* AppDelegate.m */ = {isa = PBXFileReference; lastKnownFileType = sourcecode.c.objc; path = AppDelegate.m; sourceTree = "<group>"; };
		260C97E617B3AA8800B0848C /* Default.png */ = {isa = PBXFileReference; lastKnownFileType = image.png; path = Default.png; sourceTree = "<group>"; };
		260C97E817B3AA8900B0848C /* Default@2x.png */ = {isa = PBXFileReference; lastKnownFileType = image.png; path = "Default@2x.png"; sourceTree = "<group>"; };
		260C97EA17B3AA8900B0848C /* Default-568h@2x.png */ = {isa = PBXFileReference; lastKnownFileType = image.png; path = "Default-568h@2x.png"; sourceTree = "<group>"; };
		260C97FA17B3AB4300B0848C /* Reachability.h */ = {isa = PBXFileReference; fileEncoding = 4; lastKnownFileType = sourcecode.c.h; path = Reachability.h; sourceTree = "<group>"; };
		260C97FB17B3AB4300B0848C /* Reachability.m */ = {isa = PBXFileReference; fileEncoding = 4; lastKnownFileType = sourcecode.c.objc; path = Reachability.m; sourceTree = "<group>"; };
		260C97FC17B3AB4300B0848C /* ASIDownloadCache.h */ = {isa = PBXFileReference; fileEncoding = 4; lastKnownFileType = sourcecode.c.h; path = ASIDownloadCache.h; sourceTree = "<group>"; };
		260C97FD17B3AB4300B0848C /* ASIDownloadCache.m */ = {isa = PBXFileReference; fileEncoding = 4; lastKnownFileType = sourcecode.c.objc; path = ASIDownloadCache.m; sourceTree = "<group>"; };
		260C97FE17B3AB4300B0848C /* ASINetworkQueue.h */ = {isa = PBXFileReference; fileEncoding = 4; lastKnownFileType = sourcecode.c.h; path = ASINetworkQueue.h; sourceTree = "<group>"; };
		260C97FF17B3AB4300B0848C /* ASINetworkQueue.m */ = {isa = PBXFileReference; fileEncoding = 4; lastKnownFileType = sourcecode.c.objc; path = ASINetworkQueue.m; sourceTree = "<group>"; };
		260C980017B3AB4300B0848C /* ASIDataDecompressor.h */ = {isa = PBXFileReference; fileEncoding = 4; lastKnownFileType = sourcecode.c.h; path = ASIDataDecompressor.h; sourceTree = "<group>"; };
		260C980117B3AB4300B0848C /* ASIDataDecompressor.m */ = {isa = PBXFileReference; fileEncoding = 4; lastKnownFileType = sourcecode.c.objc; path = ASIDataDecompressor.m; sourceTree = "<group>"; };
		260C980217B3AB4300B0848C /* ASIDataCompressor.h */ = {isa = PBXFileReference; fileEncoding = 4; lastKnownFileType = sourcecode.c.h; path = ASIDataCompressor.h; sourceTree = "<group>"; };
		260C980317B3AB4300B0848C /* ASIDataCompressor.m */ = {isa = PBXFileReference; fileEncoding = 4; lastKnownFileType = sourcecode.c.objc; path = ASIDataCompressor.m; sourceTree = "<group>"; };
		260C980417B3AB4300B0848C /* ASIInputStream.h */ = {isa = PBXFileReference; fileEncoding = 4; lastKnownFileType = sourcecode.c.h; path = ASIInputStream.h; sourceTree = "<group>"; };
		260C980517B3AB4300B0848C /* ASIInputStream.m */ = {isa = PBXFileReference; fileEncoding = 4; lastKnownFileType = sourcecode.c.objc; path = ASIInputStream.m; sourceTree = "<group>"; };
		260C980617B3AB4300B0848C /* ASIAuthenticationDialog.h */ = {isa = PBXFileReference; fileEncoding = 4; lastKnownFileType = sourcecode.c.h; path = ASIAuthenticationDialog.h; sourceTree = "<group>"; };
		260C980717B3AB4300B0848C /* ASIAuthenticationDialog.m */ = {isa = PBXFileReference; fileEncoding = 4; lastKnownFileType = sourcecode.c.objc; path = ASIAuthenticationDialog.m; sourceTree = "<group>"; };
		260C980817B3AB4300B0848C /* ASICacheDelegate.h */ = {isa = PBXFileReference; fileEncoding = 4; lastKnownFileType = sourcecode.c.h; path = ASICacheDelegate.h; sourceTree = "<group>"; };
		260C980917B3AB4300B0848C /* ASIProgressDelegate.h */ = {isa = PBXFileReference; fileEncoding = 4; lastKnownFileType = sourcecode.c.h; path = ASIProgressDelegate.h; sourceTree = "<group>"; };
		260C980A17B3AB4300B0848C /* ASIHTTPRequestDelegate.h */ = {isa = PBXFileReference; fileEncoding = 4; lastKnownFileType = sourcecode.c.h; path = ASIHTTPRequestDelegate.h; sourceTree = "<group>"; };
		260C980B17B3AB4300B0848C /* ASIHTTPRequestConfig.h */ = {isa = PBXFileReference; fileEncoding = 4; lastKnownFileType = sourcecode.c.h; path = ASIHTTPRequestConfig.h; sourceTree = "<group>"; };
		260C980C17B3AB4300B0848C /* ASIHTTPRequest.h */ = {isa = PBXFileReference; fileEncoding = 4; lastKnownFileType = sourcecode.c.h; path = ASIHTTPRequest.h; sourceTree = "<group>"; };
		260C980D17B3AB4300B0848C /* ASIHTTPRequest.m */ = {isa = PBXFileReference; fileEncoding = 4; lastKnownFileType = sourcecode.c.objc; path = ASIHTTPRequest.m; sourceTree = "<group>"; };
		260C981B17B3AB7900B0848C /* MobileCoreServices.framework */ = {isa = PBXFileReference; lastKnownFileType = wrapper.framework; name = MobileCoreServices.framework; path = System/Library/Frameworks/MobileCoreServices.framework; sourceTree = SDKROOT; };
		260C981D17B3AB8600B0848C /* SystemConfiguration.framework */ = {isa = PBXFileReference; lastKnownFileType = wrapper.framework; name = SystemConfiguration.framework; path = System/Library/Frameworks/SystemConfiguration.framework; sourceTree = SDKROOT; };
		260C981F17B3AB8E00B0848C /* CFNetwork.framework */ = {isa = PBXFileReference; lastKnownFileType = wrapper.framework; name = CFNetwork.framework; path = System/Library/Frameworks/CFNetwork.framework; sourceTree = SDKROOT; };
		260C982117B3AB9E00B0848C /* libz.dylib */ = {isa = PBXFileReference; lastKnownFileType = "compiled.mach-o.dylib"; name = libz.dylib; path = usr/lib/libz.dylib; sourceTree = SDKROOT; };
		260C982317B3ABA900B0848C /* libxml2.dylib */ = {isa = PBXFileReference; lastKnownFileType = "compiled.mach-o.dylib"; name = libxml2.dylib; path = usr/lib/libxml2.dylib; sourceTree = SDKROOT; };
		260C983217B3BBA600B0848C /* testXml.xml */ = {isa = PBXFileReference; fileEncoding = 4; lastKnownFileType = text.xml; path = testXml.xml; sourceTree = "<group>"; };
		260C983417B3F5CF00B0848C /* namespaceXml.xml */ = {isa = PBXFileReference; fileEncoding = 4; lastKnownFileType = text.xml; path = namespaceXml.xml; sourceTree = "<group>"; };
		26B7BBE117B556330078636E /* ViewController.h */ = {isa = PBXFileReference; fileEncoding = 4; lastKnownFileType = sourcecode.c.h; path = ViewController.h; sourceTree = "<group>"; };
		26B7BBE317B556330078636E /* ViewController.xib */ = {isa = PBXFileReference; fileEncoding = 4; lastKnownFileType = file.xib; path = ViewController.xib; sourceTree = "<group>"; };
/* End PBXFileReference section */

/* Begin PBXFrameworksBuildPhase section */
		260C97CE17B3AA8800B0848C /* Frameworks */ = {
			isa = PBXFrameworksBuildPhase;
			buildActionMask = 2147483647;
			files = (
				01BEC4181833296300B77C8D /* QuartzCore.framework in Frameworks */,
				260C982417B3ABA900B0848C /* libxml2.dylib in Frameworks */,
				260C982217B3AB9E00B0848C /* libz.dylib in Frameworks */,
				260C982017B3AB8E00B0848C /* CFNetwork.framework in Frameworks */,
				260C981E17B3AB8600B0848C /* SystemConfiguration.framework in Frameworks */,
				260C981C17B3AB7900B0848C /* MobileCoreServices.framework in Frameworks */,
				260C97D517B3AA8800B0848C /* UIKit.framework in Frameworks */,
				260C97D717B3AA8800B0848C /* Foundation.framework in Frameworks */,
				260C97D917B3AA8800B0848C /* CoreGraphics.framework in Frameworks */,
			);
			runOnlyForDeploymentPostprocessing = 0;
		};
/* End PBXFrameworksBuildPhase section */

/* Begin PBXGroup section */
		01BEC3FD1833258900B77C8D /* ViewControllers */ = {
			isa = PBXGroup;
			children = (
				01BEC3FE183325C300B77C8D /* Common */,
			);
			name = ViewControllers;
			sourceTree = "<group>";
		};
		01BEC3FE183325C300B77C8D /* Common */ = {
			isa = PBXGroup;
			children = (
				01BEC41C1833298C00B77C8D /* NSData+TPCategory.h */,
				01BEC41D1833298C00B77C8D /* NSData+TPCategory.m */,
				01BEC4191833297800B77C8D /* NSString+TPCategory.h */,
				01BEC41A1833297800B77C8D /* NSString+TPCategory.m */,
				01BEC4091833269B00B77C8D /* UIColor+TPCategory.h */,
				01BEC40A1833269B00B77C8D /* UIColor+TPCategory.m */,
				01BEC402183325DF00B77C8D /* UI */,
				01BEC3FF183325DC00B77C8D /* BasicViewController.h */,
				01BEC400183325DC00B77C8D /* BasicViewController.m */,
			);
			name = Common;
			sourceTree = "<group>";
		};
		01BEC402183325DF00B77C8D /* UI */ = {
			isa = PBXGroup;
			children = (
				01BEC403183325EB00B77C8D /* AnimateLoadView.h */,
				01BEC404183325EB00B77C8D /* AnimateLoadView.m */,
				01BEC405183325EB00B77C8D /* AnimateErrorView.h */,
				01BEC406183325EB00B77C8D /* AnimateErrorView.m */,
			);
			name = UI;
			sourceTree = "<group>";
		};
		01BEC40C1833288700B77C8D /* images */ = {
			isa = PBXGroup;
			children = (
				01BEC40D1833289000B77C8D /* notice_error_icon.png */,
				01BEC40E1833289000B77C8D /* notice_error_icon@2x.png */,
				01BEC40F1833289000B77C8D /* notice_success_icon.png */,
				01BEC4101833289000B77C8D /* notice_success_icon@2x.png */,
				01BEC4111833289000B77C8D /* error.png */,
			);
			name = images;
			sourceTree = "<group>";
		};
		260C97C817B3AA8800B0848C = {
			isa = PBXGroup;
			children = (
				260C97DA17B3AA8800B0848C /* IOSWebservices */,
				260C97D317B3AA8800B0848C /* Frameworks */,
				260C97D217B3AA8800B0848C /* Products */,
			);
			sourceTree = "<group>";
		};
		260C97D217B3AA8800B0848C /* Products */ = {
			isa = PBXGroup;
			children = (
				260C97D117B3AA8800B0848C /* IOSWebservices.app */,
			);
			name = Products;
			sourceTree = "<group>";
		};
		260C97D317B3AA8800B0848C /* Frameworks */ = {
			isa = PBXGroup;
			children = (
				01BEC4171833296300B77C8D /* QuartzCore.framework */,
				260C982317B3ABA900B0848C /* libxml2.dylib */,
				260C982117B3AB9E00B0848C /* libz.dylib */,
				260C981F17B3AB8E00B0848C /* CFNetwork.framework */,
				260C981D17B3AB8600B0848C /* SystemConfiguration.framework */,
				260C981B17B3AB7900B0848C /* MobileCoreServices.framework */,
				260C97D417B3AA8800B0848C /* UIKit.framework */,
				260C97D617B3AA8800B0848C /* Foundation.framework */,
				260C97D817B3AA8800B0848C /* CoreGraphics.framework */,
			);
			name = Frameworks;
			sourceTree = "<group>";
		};
		260C97DA17B3AA8800B0848C /* IOSWebservices */ = {
			isa = PBXGroup;
			children = (
				01BEC3FD1833258900B77C8D /* ViewControllers */,
				260C97F717B3AA9300B0848C /* Class */,
				260C97E317B3AA8800B0848C /* AppDelegate.h */,
				260C97E417B3AA8800B0848C /* AppDelegate.m */,
				26B7BBE117B556330078636E /* ViewController.h */,
				01E14BDA17D5BD2700AC2173 /* ViewController.m */,
				26B7BBE317B556330078636E /* ViewController.xib */,
				260C97DB17B3AA8800B0848C /* Supporting Files */,
			);
			path = IOSWebservices;
			sourceTree = "<group>";
		};
		260C97DB17B3AA8800B0848C /* Supporting Files */ = {
			isa = PBXGroup;
			children = (
				01BEC40C1833288700B77C8D /* images */,
				260C983417B3F5CF00B0848C /* namespaceXml.xml */,
				260C983217B3BBA600B0848C /* testXml.xml */,
				260C97DC17B3AA8800B0848C /* IOSWebservices-Info.plist */,
				260C97DD17B3AA8800B0848C /* InfoPlist.strings */,
				260C97E017B3AA8800B0848C /* main.m */,
				260C97E217B3AA8800B0848C /* IOSWebservices-Prefix.pch */,
				260C97E617B3AA8800B0848C /* Default.png */,
				260C97E817B3AA8900B0848C /* Default@2x.png */,
				260C97EA17B3AA8900B0848C /* Default-568h@2x.png */,
			);
			name = "Supporting Files";
			sourceTree = "<group>";
		};
		260C97F717B3AA9300B0848C /* Class */ = {
			isa = PBXGroup;
			children = (
				260C982517B3ABEA00B0848C /* WebService */,
				260C97F917B3AB1600B0848C /* GDataXml */,
				260C97F817B3AB0800B0848C /* ASIHttpRequest */,
			);
			name = Class;
			sourceTree = "<group>";
		};
		260C97F817B3AB0800B0848C /* ASIHttpRequest */ = {
			isa = PBXGroup;
			children = (
				260C97FA17B3AB4300B0848C /* Reachability.h */,
				260C97FB17B3AB4300B0848C /* Reachability.m */,
				260C97FC17B3AB4300B0848C /* ASIDownloadCache.h */,
				260C97FD17B3AB4300B0848C /* ASIDownloadCache.m */,
				260C97FE17B3AB4300B0848C /* ASINetworkQueue.h */,
				260C97FF17B3AB4300B0848C /* ASINetworkQueue.m */,
				260C980017B3AB4300B0848C /* ASIDataDecompressor.h */,
				260C980117B3AB4300B0848C /* ASIDataDecompressor.m */,
				260C980217B3AB4300B0848C /* ASIDataCompressor.h */,
				260C980317B3AB4300B0848C /* ASIDataCompressor.m */,
				260C980417B3AB4300B0848C /* ASIInputStream.h */,
				260C980517B3AB4300B0848C /* ASIInputStream.m */,
				260C980617B3AB4300B0848C /* ASIAuthenticationDialog.h */,
				260C980717B3AB4300B0848C /* ASIAuthenticationDialog.m */,
				260C980817B3AB4300B0848C /* ASICacheDelegate.h */,
				260C980917B3AB4300B0848C /* ASIProgressDelegate.h */,
				260C980A17B3AB4300B0848C /* ASIHTTPRequestDelegate.h */,
				260C980B17B3AB4300B0848C /* ASIHTTPRequestConfig.h */,
				260C980C17B3AB4300B0848C /* ASIHTTPRequest.h */,
				260C980D17B3AB4300B0848C /* ASIHTTPRequest.m */,
			);
			name = ASIHttpRequest;
			sourceTree = "<group>";
		};
		260C97F917B3AB1600B0848C /* GDataXml */ = {
			isa = PBXGroup;
			children = (
				01BEC3F2183323FC00B77C8D /* GDataDefines.h */,
				01BEC3F3183323FC00B77C8D /* GDataTargetNamespace.h */,
				01BEC3F4183323FC00B77C8D /* GDataXMLNode.h */,
				01BEC3F5183323FC00B77C8D /* GDataXMLNode.m */,
				01BEC3F6183323FC00B77C8D /* XmlNode.h */,
				01BEC3F7183323FD00B77C8D /* XmlNode.m */,
				01BEC3F8183323FD00B77C8D /* XmlParseHelper.h */,
				01BEC3F9183323FD00B77C8D /* XmlParseHelper.m */,
			);
			name = GDataXml;
			sourceTree = "<group>";
		};
		260C982517B3ABEA00B0848C /* WebService */ = {
			isa = PBXGroup;
			children = (
				01FAAD0F18D976390015FACC /* ServiceArgs.h */,
				01FAAD1018D976390015FACC /* ServiceArgs.m */,
				01E5916B18822446001D04B8 /* ServiceResult.h */,
				01E5916C18822446001D04B8 /* ServiceResult.m */,
				01BEC3E918331F6F00B77C8D /* ServiceHelper.h */,
				01BEC3EA18331F6F00B77C8D /* ServiceHelper.m */,
			);
			name = WebService;
			sourceTree = "<group>";
		};
/* End PBXGroup section */

/* Begin PBXNativeTarget section */
		260C97D017B3AA8800B0848C /* IOSWebservices */ = {
			isa = PBXNativeTarget;
			buildConfigurationList = 260C97F417B3AA8900B0848C /* Build configuration list for PBXNativeTarget "IOSWebservices" */;
			buildPhases = (
				260C97CD17B3AA8800B0848C /* Sources */,
				260C97CE17B3AA8800B0848C /* Frameworks */,
				260C97CF17B3AA8800B0848C /* Resources */,
			);
			buildRules = (
			);
			dependencies = (
			);
			name = IOSWebservices;
			productName = IOSWebservices;
			productReference = 260C97D117B3AA8800B0848C /* IOSWebservices.app */;
			productType = "com.apple.product-type.application";
		};
/* End PBXNativeTarget section */

/* Begin PBXProject section */
		260C97C917B3AA8800B0848C /* Project object */ = {
			isa = PBXProject;
			attributes = {
				LastUpgradeCheck = 0460;
				ORGANIZATIONNAME = rang;
			};
			buildConfigurationList = 260C97CC17B3AA8800B0848C /* Build configuration list for PBXProject "IOSWebservices" */;
			compatibilityVersion = "Xcode 3.2";
			developmentRegion = English;
			hasScannedForEncodings = 0;
			knownRegions = (
				en,
			);
			mainGroup = 260C97C817B3AA8800B0848C;
			productRefGroup = 260C97D217B3AA8800B0848C /* Products */;
			projectDirPath = "";
			projectRoot = "";
			targets = (
				260C97D017B3AA8800B0848C /* IOSWebservices */,
			);
		};
/* End PBXProject section */

/* Begin PBXResourcesBuildPhase section */
		260C97CF17B3AA8800B0848C /* Resources */ = {
			isa = PBXResourcesBuildPhase;
			buildActionMask = 2147483647;
			files = (
				01BEC4141833289000B77C8D /* notice_success_icon.png in Resources */,
				260C97DF17B3AA8800B0848C /* InfoPlist.strings in Resources */,
				01BEC4161833289000B77C8D /* error.png in Resources */,
				01BEC4131833289000B77C8D /* notice_error_icon@2x.png in Resources */,
				260C97E717B3AA8800B0848C /* Default.png in Resources */,
				260C97E917B3AA8900B0848C /* Default@2x.png in Resources */,
				01BEC4121833289000B77C8D /* notice_error_icon.png in Resources */,
				01BEC4151833289000B77C8D /* notice_success_icon@2x.png in Resources */,
				260C97EB17B3AA8900B0848C /* Default-568h@2x.png in Resources */,
				260C983317B3BBA600B0848C /* testXml.xml in Resources */,
				260C983517B3F5CF00B0848C /* namespaceXml.xml in Resources */,
				26B7BBE517B556330078636E /* ViewController.xib in Resources */,
			);
			runOnlyForDeploymentPostprocessing = 0;
		};
/* End PBXResourcesBuildPhase section */

/* Begin PBXSourcesBuildPhase section */
		260C97CD17B3AA8800B0848C /* Sources */ = {
			isa = PBXSourcesBuildPhase;
			buildActionMask = 2147483647;
			files = (
				260C97E117B3AA8800B0848C /* main.m in Sources */,
				01BEC408183325EB00B77C8D /* AnimateErrorView.m in Sources */,
				01BEC407183325EB00B77C8D /* AnimateLoadView.m in Sources */,
				260C97E517B3AA8800B0848C /* AppDelegate.m in Sources */,
				01BEC3FA183323FD00B77C8D /* GDataXMLNode.m in Sources */,
				01BEC41E1833298C00B77C8D /* NSData+TPCategory.m in Sources */,
				260C980E17B3AB4300B0848C /* Reachability.m in Sources */,
				260C980F17B3AB4300B0848C /* ASIDownloadCache.m in Sources */,
				01FAAD1118D976390015FACC /* ServiceArgs.m in Sources */,
				01BEC401183325DC00B77C8D /* BasicViewController.m in Sources */,
				01BEC40B1833269B00B77C8D /* UIColor+TPCategory.m in Sources */,
				260C981017B3AB4300B0848C /* ASINetworkQueue.m in Sources */,
				260C981117B3AB4300B0848C /* ASIDataDecompressor.m in Sources */,
				01E5916D18822446001D04B8 /* ServiceResult.m in Sources */,
				260C981217B3AB4300B0848C /* ASIDataCompressor.m in Sources */,
				260C981317B3AB4300B0848C /* ASIInputStream.m in Sources */,
				260C981417B3AB4300B0848C /* ASIAuthenticationDialog.m in Sources */,
				01BEC3FB183323FD00B77C8D /* XmlNode.m in Sources */,
				260C981517B3AB4300B0848C /* ASIHTTPRequest.m in Sources */,
				01BEC3EF18331F6F00B77C8D /* ServiceHelper.m in Sources */,
				01BEC41B1833297800B77C8D /* NSString+TPCategory.m in Sources */,
				01E14BDB17D5BD2700AC2173 /* ViewController.m in Sources */,
				01BEC3FC183323FD00B77C8D /* XmlParseHelper.m in Sources */,
			);
			runOnlyForDeploymentPostprocessing = 0;
		};
/* End PBXSourcesBuildPhase section */

/* Begin PBXVariantGroup section */
		260C97DD17B3AA8800B0848C /* InfoPlist.strings */ = {
			isa = PBXVariantGroup;
			children = (
				260C97DE17B3AA8800B0848C /* en */,
			);
			name = InfoPlist.strings;
			sourceTree = "<group>";
		};
/* End PBXVariantGroup section */

/* Begin XCBuildConfiguration section */
		260C97F217B3AA8900B0848C /* Debug */ = {
			isa = XCBuildConfiguration;
			buildSettings = {
				ALWAYS_SEARCH_USER_PATHS = NO;
				CLANG_CXX_LANGUAGE_STANDARD = "gnu++0x";
				CLANG_CXX_LIBRARY = "libc++";
				CLANG_WARN_CONSTANT_CONVERSION = YES;
				CLANG_WARN_EMPTY_BODY = YES;
				CLANG_WARN_ENUM_CONVERSION = YES;
				CLANG_WARN_INT_CONVERSION = YES;
				CLANG_WARN__DUPLICATE_METHOD_MATCH = YES;
				"CODE_SIGN_IDENTITY[sdk=iphoneos*]" = "iPhone Developer";
				COPY_PHASE_STRIP = NO;
				GCC_C_LANGUAGE_STANDARD = gnu99;
				GCC_DYNAMIC_NO_PIC = NO;
				GCC_OPTIMIZATION_LEVEL = 0;
				GCC_PREPROCESSOR_DEFINITIONS = (
					"DEBUG=1",
					"$(inherited)",
				);
				GCC_SYMBOLS_PRIVATE_EXTERN = NO;
				GCC_WARN_ABOUT_RETURN_TYPE = YES;
				GCC_WARN_UNINITIALIZED_AUTOS = YES;
				GCC_WARN_UNUSED_VARIABLE = YES;
				IPHONEOS_DEPLOYMENT_TARGET = 6.1;
				ONLY_ACTIVE_ARCH = YES;
				SDKROOT = iphoneos;
			};
			name = Debug;
		};
		260C97F317B3AA8900B0848C /* Release */ = {
			isa = XCBuildConfiguration;
			buildSettings = {
				ALWAYS_SEARCH_USER_PATHS = NO;
				CLANG_CXX_LANGUAGE_STANDARD = "gnu++0x";
				CLANG_CXX_LIBRARY = "libc++";
				CLANG_WARN_CONSTANT_CONVERSION = YES;
				CLANG_WARN_EMPTY_BODY = YES;
				CLANG_WARN_ENUM_CONVERSION = YES;
				CLANG_WARN_INT_CONVERSION = YES;
				CLANG_WARN__DUPLICATE_METHOD_MATCH = YES;
				"CODE_SIGN_IDENTITY[sdk=iphoneos*]" = "iPhone Developer";
				COPY_PHASE_STRIP = YES;
				GCC_C_LANGUAGE_STANDARD = gnu99;
				GCC_WARN_ABOUT_RETURN_TYPE = YES;
				GCC_WARN_UNINITIALIZED_AUTOS = YES;
				GCC_WARN_UNUSED_VARIABLE = YES;
				IPHONEOS_DEPLOYMENT_TARGET = 6.1;
				OTHER_CFLAGS = "-DNS_BLOCK_ASSERTIONS=1";
				SDKROOT = iphoneos;
				VALIDATE_PRODUCT = YES;
			};
			name = Release;
		};
		260C97F517B3AA8900B0848C /* Debug */ = {
			isa = XCBuildConfiguration;
			buildSettings = {
				GCC_PRECOMPILE_PREFIX_HEADER = YES;
				GCC_PREFIX_HEADER = "IOSWebservices/IOSWebservices-Prefix.pch";
				HEADER_SEARCH_PATHS = /usr/include/libxml2;
				INFOPLIST_FILE = "IOSWebservices/IOSWebservices-Info.plist";
				IPHONEOS_DEPLOYMENT_TARGET = 6.0;
				PRODUCT_NAME = "$(TARGET_NAME)";
				WRAPPER_EXTENSION = app;
			};
			name = Debug;
		};
		260C97F617B3AA8900B0848C /* Release */ = {
			isa = XCBuildConfiguration;
			buildSettings = {
				GCC_PRECOMPILE_PREFIX_HEADER = YES;
				GCC_PREFIX_HEADER = "IOSWebservices/IOSWebservices-Prefix.pch";
				HEADER_SEARCH_PATHS = /usr/include/libxml2;
				INFOPLIST_FILE = "IOSWebservices/IOSWebservices-Info.plist";
				IPHONEOS_DEPLOYMENT_TARGET = 6.0;
				PRODUCT_NAME = "$(TARGET_NAME)";
				WRAPPER_EXTENSION = app;
			};
			name = Release;
		};
/* End XCBuildConfiguration section */

/* Begin XCConfigurationList section */
		260C97CC17B3AA8800B0848C /* Build configuration list for PBXProject "IOSWebservices" */ = {
			isa = XCConfigurationList;
			buildConfigurations = (
				260C97F217B3AA8900B0848C /* Debug */,
				260C97F317B3AA8900B0848C /* Release */,
			);
			defaultConfigurationIsVisible = 0;
			defaultConfigurationName = Release;
		};
		260C97F417B3AA8900B0848C /* Build configuration list for PBXNativeTarget "IOSWebservices" */ = {
			isa = XCConfigurationList;
			buildConfigurations = (
				260C97F517B3AA8900B0848C /* Debug */,
				260C97F617B3AA8900B0848C /* Release */,
			);
			defaultConfigurationIsVisible = 0;
			defaultConfigurationName = Release;
		};
/* End XCConfigurationList section */
	};
	rootObject = 260C97C917B3AA8800B0848C /* Project object */;
}
